
Microsoft Visual Studio Solution File, Format Version 12.00
# Visual Studio 2012
Project("{FAE04EC0-301F-11D3-BF4B-00C04F79EFBC}") = "MPStreamingService", "MPStreamingService\MPStreamingService.csproj", "{11937CFC-3C9B-41B8-B679-CC24B9FE15B3}"
EndProject
Project("{FAE04EC0-301F-11D3-BF4B-00C04F79EFBC}") = "MPStreamingInterface", "MPStreamingInterface\MPStreamingInterface.csproj", "{57613A46-4B07-43D7-A341-70940EB15802}"
EndProject
Project("{FAE04EC0-301F-11D3-BF4B-00C04F79EFBC}") = "StreamingApp", "StreamingApp\StreamingApp.csproj", "{BA0B28E0-A36E-4A81-A4A7-9420DFBEF20C}"
EndProject
Global
	GlobalSection(SolutionConfigurationPlatforms) = preSolution
		Debug|Any CPU = Debug|Any CPU
		Debug|Mixed Platforms = Debug|Mixed Platforms
		Debug|x86 = Debug|x86
		Release|Any CPU = Release|Any CPU
		Release|Mixed Platforms = Release|Mixed Platforms
		Release|x86 = Release|x86
	EndGlobalSection
	GlobalSection(ProjectConfigurationPlatforms) = postSolution
		{11937CFC-3C9B-41B8-B679-CC24B9FE15B3}.Debug|Any CPU.ActiveCfg = Debug|x86
		{11937CFC-3C9B-41B8-B679-CC24B9FE15B3}.Debug|Mixed Platforms.ActiveCfg = Debug|x86
		{11937CFC-3C9B-41B8-B679-CC24B9FE15B3}.Debug|Mixed Platforms.Build.0 = Debug|x86
		{11937CFC-3C9B-41B8-B679-CC24B9FE15B3}.Debug|x86.ActiveCfg = Debug|x86
		{11937CFC-3C9B-41B8-B679-CC24B9FE15B3}.Debug|x86.Build.0 = Debug|x86
		{11937CFC-3C9B-41B8-B679-CC24B9FE15B3}.Release|Any CPU.ActiveCfg = Release|x86
		{11937CFC-3C9B-41B8-B679-CC24B9FE15B3}.Release|Mixed Platforms.ActiveCfg = Release|x86
		{11937CFC-3C9B-41B8-B679-CC24B9FE15B3}.Release|Mixed Platforms.Build.0 = Release|x86
		{11937CFC-3C9B-41B8-B679-CC24B9FE15B3}.Release|x86.ActiveCfg = Release|x86
		{11937CFC-3C9B-41B8-B679-CC24B9FE15B3}.Release|x86.Build.0 = Release|x86
		{57613A46-4B07-43D7-A341-70940EB15802}.Debug|Any CPU.ActiveCfg = Debug|Any CPU
		{57613A46-4B07-43D7-A341-70940EB15802}.Debug|Any CPU.Build.0 = Debug|Any CPU
		{57613A46-4B07-43D7-A341-70940EB15802}.Debug|Mixed Platforms.ActiveCfg = Debug|Any CPU
		{57613A46-4B07-43D7-A341-70940EB15802}.Debug|Mixed Platforms.Build.0 = Debug|Any CPU
		{57613A46-4B07-43D7-A341-70940EB15802}.Debug|x86.ActiveCfg = Debug|Any CPU
		{57613A46-4B07-43D7-A341-70940EB15802}.Release|Any CPU.ActiveCfg = Release|Any CPU
		{57613A46-4B07-43D7-A341-70940EB15802}.Release|Any CPU.Build.0 = Release|Any CPU
		{57613A46-4B07-43D7-A341-70940EB15802}.Release|Mixed Platforms.ActiveCfg = Release|Any CPU
		{57613A46-4B07-43D7-A341-70940EB15802}.Release|Mixed Platforms.Build.0 = Release|Any CPU
		{57613A46-4B07-43D7-A341-70940EB15802}.Release|x86.ActiveCfg = Release|Any CPU
		{BA0B28E0-A36E-4A81-A4A7-9420DFBEF20C}.Debug|Any CPU.ActiveCfg = Debug|Any CPU
		{BA0B28E0-A36E-4A81-A4A7-9420DFBEF20C}.Debug|Any CPU.Build.0 = Debug|Any CPU
		{BA0B28E0-A36E-4A81-A4A7-9420DFBEF20C}.Debug|Mixed Platforms.ActiveCfg = Debug|Any CPU
		{BA0B28E0-A36E-4A81-A4A7-9420DFBEF20C}.Debug|Mixed Platforms.Build.0 = Debug|Any CPU
		{BA0B28E0-A36E-4A81-A4A7-9420DFBEF20C}.Debug|x86.ActiveCfg = Debug|Any CPU
		{BA0B28E0-A36E-4A81-A4A7-9420DFBEF20C}.Release|Any CPU.ActiveCfg = Release|Any CPU
		{BA0B28E0-A36E-4A81-A4A7-9420DFBEF20C}.Release|Any CPU.Build.0 = Release|Any CPU
		{BA0B28E0-A36E-4A81-A4A7-9420DFBEF20C}.Release|Mixed Platforms.ActiveCfg = Release|Any CPU
		{BA0B28E0-A36E-4A81-A4A7-9420DFBEF20C}.Release|Mixed Platforms.Build.0 = Release|Any CPU
		{BA0B28E0-A36E-4A81-A4A7-9420DFBEF20C}.Release|x86.ActiveCfg = Release|Any CPU
	EndGlobalSection
	GlobalSection(SolutionProperties) = preSolution
		HideSolutionNode = FALSE
	EndGlobalSection
EndGlobal
